# THIS IS AN AUTOGENERATED FILE. DO NOT EDIT THIS FILE DIRECTLY.
# yarn lockfile v1


"@types/node@10.17.30":
  version "10.17.30"
  resolved "https://registry.yarnpkg.com/@types/node/-/node-10.17.30.tgz#20556a0d7f62b83e163973a6cd640af636d3dd3b"
  integrity sha512-euU8QLX0ipj+5mOYa4ZqZoTv+53BY7yTg9I2ZIhDXgiI3M+0n4mdAt9TQCuvxVAgU179g8OsRLaBt0qEi0T6xA==

typescript@3.9.7:
  version "3.9.7"
  resolved "https://registry.yarnpkg.com/typescript/-/typescript-3.9.7.tgz#98d600a5ebdc38f40cb277522f12dc800e9e25fa"
  integrity sha512-BLbiRkiBzAwsjut4x/dsibSTB6yWpwT5qWmC2OfuCg3GgVQCSgMs4vEctYPhsaGtd0AeuuHMkjZ2h2WG8MSzRw==
