# THIS IS AN AUTOGENERATED FILE. DO NOT EDIT THIS FILE DIRECTLY.
# yarn lockfile v1


"@types/node@10.5.5":
  version "10.5.5"
  resolved "https://registry.yarnpkg.com/@types/node/-/node-10.5.5.tgz#8e84d24e896cd77b0d4f73df274027e3149ec2ba"

typescript@3.0.1:
  version "3.0.1"
  resolved "https://registry.yarnpkg.com/typescript/-/typescript-3.0.1.tgz#43738f29585d3a87575520a4b93ab6026ef11fdb"
